// !$*UTF8*$!
{
	archiveVersion = 1;
	classes = {
	};
	objectVersion = 51;
	objects = {

/* Begin PBXBuildFile section */
		07A660952326D524004F2AD1 /* AppDelegate.swift in Sources */ = {isa = PBXBuildFile; fileRef = 07A660942326D524004F2AD1 /* AppDelegate.swift */; };
		07A660972326D524004F2AD1 /* ViewController.swift in Sources */ = {isa = PBXBuildFile; fileRef = 07A660962326D524004F2AD1 /* ViewController.swift */; };
		07A6609A2326D524004F2AD1 /* Main.storyboard in Resources */ = {isa = PBXBuildFile; fileRef = 07A660982326D524004F2AD1 /* Main.storyboard */; };
		07A6609C2326D527004F2AD1 /* Assets.xcassets in Resources */ = {isa = PBXBuildFile; fileRef = 07A6609B2326D527004F2AD1 /* Assets.xcassets */; };
		07A660AA2326D527004F2AD1 /* HelloWorld2Tests.swift in Sources */ = {isa = PBXBuildFile; fileRef = 07A660A92326D527004F2AD1 /* HelloWorld2Tests.swift */; };
		07A660B52326D527004F2AD1 /* HelloWorld2UITests.swift in Sources */ = {isa = PBXBuildFile; fileRef = 07A660B42326D527004F2AD1 /* HelloWorld2UITests.swift */; };
		07B2189C23562A30009240C0 /* OfferVC.swift in Sources */ = {isa = PBXBuildFile; fileRef = 07B2189B23562A2F009240C0 /* OfferVC.swift */; };
		07B2189E23562BD3009240C0 /* OfferCell.swift in Sources */ = {isa = PBXBuildFile; fileRef = 07B2189D23562BD3009240C0 /* OfferCell.swift */; };
		07B218A023562D3D009240C0 /* offer.swift in Sources */ = {isa = PBXBuildFile; fileRef = 07B2189F23562D3D009240C0 /* offer.swift */; };
		07D3E8D123312AA600890271 /* QuizVC.swift in Sources */ = {isa = PBXBuildFile; fileRef = 07D3E8D023312AA500890271 /* QuizVC.swift */; };
		8410808C2343E05B00799AEA /* Quiz.swift in Sources */ = {isa = PBXBuildFile; fileRef = 8410808B2343E05B00799AEA /* Quiz.swift */; };
		84108092234D572800799AEA /* WalletVC.swift in Sources */ = {isa = PBXBuildFile; fileRef = 84108091234D572800799AEA /* WalletVC.swift */; };
		8410809C235246AA00799AEA /* NewUser2VC.swift in Sources */ = {isa = PBXBuildFile; fileRef = 8410809B235246AA00799AEA /* NewUser2VC.swift */; };
		8410809E235251F300799AEA /* NewUserVC.swift in Sources */ = {isa = PBXBuildFile; fileRef = 8410809D235251F300799AEA /* NewUserVC.swift */; };
		841080A02352561F00799AEA /* tabBarVC.swift in Sources */ = {isa = PBXBuildFile; fileRef = 8410809F2352561F00799AEA /* tabBarVC.swift */; };
		841443932355727900C8118A /* TransCell.swift in Sources */ = {isa = PBXBuildFile; fileRef = 841443922355727900C8118A /* TransCell.swift */; };
		84144395235575F200C8118A /* transData.swift in Sources */ = {isa = PBXBuildFile; fileRef = 84144394235575F200C8118A /* transData.swift */; };
		843DFB36234AA9D800957F99 /* CircularProgressBar.swift in Sources */ = {isa = PBXBuildFile; fileRef = 843DFB35234AA9D800957F99 /* CircularProgressBar.swift */; };
		84602ED723539C2C00FB413C /* APIClient.swift in Sources */ = {isa = PBXBuildFile; fileRef = 84602ED623539C2C00FB413C /* APIClient.swift */; };
		84DE1A502339B565006A0D73 /* Launch Screen.storyboard in Resources */ = {isa = PBXBuildFile; fileRef = 84DE1A4F2339B565006A0D73 /* Launch Screen.storyboard */; };
		84DE1A52233B041C006A0D73 /* DashboardVC.swift in Sources */ = {isa = PBXBuildFile; fileRef = 84DE1A51233B041C006A0D73 /* DashboardVC.swift */; };
		84E015A22331D2AC00C97572 /* Question.swift in Sources */ = {isa = PBXBuildFile; fileRef = 84E015A12331D2AC00C97572 /* Question.swift */; };
		84E015A62331DFA700C97572 /* AnalyzingVC.swift in Sources */ = {isa = PBXBuildFile; fileRef = 84E015A52331DFA700C97572 /* AnalyzingVC.swift */; };
		94CABA1FEFE69BFB112E74CD /* Pods_HopesAndDreams.framework in Frameworks */ = {isa = PBXBuildFile; fileRef = 10B5B3295C244A79F30925BB /* Pods_HopesAndDreams.framework */; };
/* End PBXBuildFile section */

/* Begin PBXContainerItemProxy section */
		07A660A62326D527004F2AD1 /* PBXContainerItemProxy */ = {
			isa = PBXContainerItemProxy;
			containerPortal = 07A660892326D524004F2AD1 /* Project object */;
			proxyType = 1;
			remoteGlobalIDString = 07A660902326D524004F2AD1;
			remoteInfo = HelloWorld2;
		};
		07A660B12326D527004F2AD1 /* PBXContainerItemProxy */ = {
			isa = PBXContainerItemProxy;
			containerPortal = 07A660892326D524004F2AD1 /* Project object */;
			proxyType = 1;
			remoteGlobalIDString = 07A660902326D524004F2AD1;
			remoteInfo = HelloWorld2;
		};
		8414437C2355523A00C8118A /* PBXContainerItemProxy */ = {
			isa = PBXContainerItemProxy;
			containerPortal = 841443772355523A00C8118A /* Pods.xcodeproj */;
			proxyType = 2;
			remoteGlobalIDString = 5D797E9A5C5782CE845840781FA1CC81;
			remoteInfo = Alamofire;
		};
		8414437E2355523A00C8118A /* PBXContainerItemProxy */ = {
			isa = PBXContainerItemProxy;
			containerPortal = 841443772355523A00C8118A /* Pods.xcodeproj */;
			proxyType = 2;
			remoteGlobalIDString = 2DBF705F5FA124505F8A7CEC4DEFA0A3;
			remoteInfo = "Pods-HopesAndDreams";
		};
		841443852355524400C8118A /* PBXContainerItemProxy */ = {
			isa = PBXContainerItemProxy;
			containerPortal = 841443802355524400C8118A /* Pods.xcodeproj */;
			proxyType = 2;
			remoteGlobalIDString = 5D797E9A5C5782CE845840781FA1CC81;
			remoteInfo = Alamofire;
		};
		841443872355524400C8118A /* PBXContainerItemProxy */ = {
			isa = PBXContainerItemProxy;
			containerPortal = 841443802355524400C8118A /* Pods.xcodeproj */;
			proxyType = 2;
			remoteGlobalIDString = 2DBF705F5FA124505F8A7CEC4DEFA0A3;
			remoteInfo = "Pods-HopesAndDreams";
		};
		8414438E2355524900C8118A /* PBXContainerItemProxy */ = {
			isa = PBXContainerItemProxy;
			containerPortal = 841443892355524900C8118A /* Pods.xcodeproj */;
			proxyType = 2;
			remoteGlobalIDString = 5D797E9A5C5782CE845840781FA1CC81;
			remoteInfo = Alamofire;
		};
		841443902355524900C8118A /* PBXContainerItemProxy */ = {
			isa = PBXContainerItemProxy;
			containerPortal = 841443892355524900C8118A /* Pods.xcodeproj */;
			proxyType = 2;
			remoteGlobalIDString = 2DBF705F5FA124505F8A7CEC4DEFA0A3;
			remoteInfo = "Pods-HopesAndDreams";
		};
/* End PBXContainerItemProxy section */

/* Begin PBXFileReference section */
		07A660912326D524004F2AD1 /* HopesAndDreams.app */ = {isa = PBXFileReference; explicitFileType = wrapper.application; includeInIndex = 0; path = HopesAndDreams.app; sourceTree = BUILT_PRODUCTS_DIR; };
		07A660942326D524004F2AD1 /* AppDelegate.swift */ = {isa = PBXFileReference; lastKnownFileType = sourcecode.swift; path = AppDelegate.swift; sourceTree = "<group>"; };
		07A660962326D524004F2AD1 /* ViewController.swift */ = {isa = PBXFileReference; lastKnownFileType = sourcecode.swift; path = ViewController.swift; sourceTree = "<group>"; };
		07A660992326D524004F2AD1 /* Base */ = {isa = PBXFileReference; lastKnownFileType = file.storyboard; name = Base; path = Base.lproj/Main.storyboard; sourceTree = "<group>"; };
		07A6609B2326D527004F2AD1 /* Assets.xcassets */ = {isa = PBXFileReference; lastKnownFileType = folder.assetcatalog; path = Assets.xcassets; sourceTree = "<group>"; };
		07A660A02326D527004F2AD1 /* Info.plist */ = {isa = PBXFileReference; lastKnownFileType = text.plist.xml; path = Info.plist; sourceTree = "<group>"; };
		07A660A52326D527004F2AD1 /* HopesAndDreamsTests.xctest */ = {isa = PBXFileReference; explicitFileType = wrapper.cfbundle; includeInIndex = 0; path = HopesAndDreamsTests.xctest; sourceTree = BUILT_PRODUCTS_DIR; };
		07A660A92326D527004F2AD1 /* HelloWorld2Tests.swift */ = {isa = PBXFileReference; lastKnownFileType = sourcecode.swift; path = HelloWorld2Tests.swift; sourceTree = "<group>"; };
		07A660AB2326D527004F2AD1 /* Info.plist */ = {isa = PBXFileReference; lastKnownFileType = text.plist.xml; path = Info.plist; sourceTree = "<group>"; };
		07A660B02326D527004F2AD1 /* HopesAndDreamsUITests.xctest */ = {isa = PBXFileReference; explicitFileType = wrapper.cfbundle; includeInIndex = 0; path = HopesAndDreamsUITests.xctest; sourceTree = BUILT_PRODUCTS_DIR; };
		07A660B42326D527004F2AD1 /* HelloWorld2UITests.swift */ = {isa = PBXFileReference; lastKnownFileType = sourcecode.swift; path = HelloWorld2UITests.swift; sourceTree = "<group>"; };
		07A660B62326D528004F2AD1 /* Info.plist */ = {isa = PBXFileReference; lastKnownFileType = text.plist.xml; path = Info.plist; sourceTree = "<group>"; };
		07B2189B23562A2F009240C0 /* OfferVC.swift */ = {isa = PBXFileReference; lastKnownFileType = sourcecode.swift; path = OfferVC.swift; sourceTree = "<group>"; };
		07B2189D23562BD3009240C0 /* OfferCell.swift */ = {isa = PBXFileReference; lastKnownFileType = sourcecode.swift; path = OfferCell.swift; sourceTree = "<group>"; };
		07B2189F23562D3D009240C0 /* offer.swift */ = {isa = PBXFileReference; lastKnownFileType = sourcecode.swift; path = offer.swift; sourceTree = "<group>"; };
		07D3E8D023312AA500890271 /* QuizVC.swift */ = {isa = PBXFileReference; lastKnownFileType = sourcecode.swift; path = QuizVC.swift; sourceTree = "<group>"; };
		10B5B3295C244A79F30925BB /* Pods_HopesAndDreams.framework */ = {isa = PBXFileReference; explicitFileType = wrapper.framework; includeInIndex = 0; path = Pods_HopesAndDreams.framework; sourceTree = BUILT_PRODUCTS_DIR; };
		5F7598E38A7B1F1D4A8F62F7 /* Pods-HopesAndDreams.debug.xcconfig */ = {isa = PBXFileReference; includeInIndex = 1; lastKnownFileType = text.xcconfig; name = "Pods-HopesAndDreams.debug.xcconfig"; path = "Target Support Files/Pods-HopesAndDreams/Pods-HopesAndDreams.debug.xcconfig"; sourceTree = "<group>"; };
		8410808B2343E05B00799AEA /* Quiz.swift */ = {isa = PBXFileReference; lastKnownFileType = sourcecode.swift; path = Quiz.swift; sourceTree = "<group>"; };
		84108091234D572800799AEA /* WalletVC.swift */ = {isa = PBXFileReference; lastKnownFileType = sourcecode.swift; path = WalletVC.swift; sourceTree = "<group>"; };
		8410809B235246AA00799AEA /* NewUser2VC.swift */ = {isa = PBXFileReference; lastKnownFileType = sourcecode.swift; path = NewUser2VC.swift; sourceTree = "<group>"; };
		8410809D235251F300799AEA /* NewUserVC.swift */ = {isa = PBXFileReference; lastKnownFileType = sourcecode.swift; path = NewUserVC.swift; sourceTree = "<group>"; };
		8410809F2352561F00799AEA /* tabBarVC.swift */ = {isa = PBXFileReference; lastKnownFileType = sourcecode.swift; path = tabBarVC.swift; sourceTree = "<group>"; };
		841443772355523A00C8118A /* Pods.xcodeproj */ = {isa = PBXFileReference; lastKnownFileType = "wrapper.pb-project"; name = Pods.xcodeproj; path = Pods/Pods.xcodeproj; sourceTree = "<group>"; };
		841443802355524400C8118A /* Pods.xcodeproj */ = {isa = PBXFileReference; lastKnownFileType = "wrapper.pb-project"; name = Pods.xcodeproj; path = Pods/Pods.xcodeproj; sourceTree = "<group>"; };
		841443892355524900C8118A /* Pods.xcodeproj */ = {isa = PBXFileReference; lastKnownFileType = "wrapper.pb-project"; name = Pods.xcodeproj; path = Pods/Pods.xcodeproj; sourceTree = SOURCE_ROOT; };
		841443922355727900C8118A /* TransCell.swift */ = {isa = PBXFileReference; lastKnownFileType = sourcecode.swift; path = TransCell.swift; sourceTree = "<group>"; };
		84144394235575F200C8118A /* transData.swift */ = {isa = PBXFileReference; lastKnownFileType = sourcecode.swift; path = transData.swift; sourceTree = "<group>"; };
		843DFB35234AA9D800957F99 /* CircularProgressBar.swift */ = {isa = PBXFileReference; fileEncoding = 4; lastKnownFileType = sourcecode.swift; path = CircularProgressBar.swift; sourceTree = "<group>"; };
		84602ED623539C2C00FB413C /* APIClient.swift */ = {isa = PBXFileReference; lastKnownFileType = sourcecode.swift; path = APIClient.swift; sourceTree = "<group>"; };
		84DE1A4F2339B565006A0D73 /* Launch Screen.storyboard */ = {isa = PBXFileReference; lastKnownFileType = file.storyboard; path = "Launch Screen.storyboard"; sourceTree = "<group>"; };
		84DE1A51233B041C006A0D73 /* DashboardVC.swift */ = {isa = PBXFileReference; lastKnownFileType = sourcecode.swift; path = DashboardVC.swift; sourceTree = "<group>"; };
		84E015A12331D2AC00C97572 /* Question.swift */ = {isa = PBXFileReference; lastKnownFileType = sourcecode.swift; path = Question.swift; sourceTree = "<group>"; };
		84E015A52331DFA700C97572 /* AnalyzingVC.swift */ = {isa = PBXFileReference; lastKnownFileType = sourcecode.swift; path = AnalyzingVC.swift; sourceTree = "<group>"; };
		EB5CA821A367A82D82EADE5C /* Pods-HopesAndDreams.release.xcconfig */ = {isa = PBXFileReference; includeInIndex = 1; lastKnownFileType = text.xcconfig; name = "Pods-HopesAndDreams.release.xcconfig"; path = "Target Support Files/Pods-HopesAndDreams/Pods-HopesAndDreams.release.xcconfig"; sourceTree = "<group>"; };
/* End PBXFileReference section */

/* Begin PBXFrameworksBuildPhase section */
		07A6608E2326D524004F2AD1 /* Frameworks */ = {
			isa = PBXFrameworksBuildPhase;
			buildActionMask = 2147483647;
			files = (
				94CABA1FEFE69BFB112E74CD /* Pods_HopesAndDreams.framework in Frameworks */,
			);
			runOnlyForDeploymentPostprocessing = 0;
		};
		07A660A22326D527004F2AD1 /* Frameworks */ = {
			isa = PBXFrameworksBuildPhase;
			buildActionMask = 2147483647;
			files = (
			);
			runOnlyForDeploymentPostprocessing = 0;
		};
		07A660AD2326D527004F2AD1 /* Frameworks */ = {
			isa = PBXFrameworksBuildPhase;
			buildActionMask = 2147483647;
			files = (
			);
			runOnlyForDeploymentPostprocessing = 0;
		};
/* End PBXFrameworksBuildPhase section */

/* Begin PBXGroup section */
		07A660882326D524004F2AD1 = {
			isa = PBXGroup;
			children = (
				07A660932326D524004F2AD1 /* HelloWorld2 */,
				07A660A82326D527004F2AD1 /* HelloWorld2Tests */,
				07A660B32326D527004F2AD1 /* HelloWorld2UITests */,
				07A660922326D524004F2AD1 /* Products */,
				1CECEA00392A45D3F3D535C5 /* Pods */,
				DC6B1F4081B0917461A7CF31 /* Frameworks */,
			);
			sourceTree = "<group>";
		};
		07A660922326D524004F2AD1 /* Products */ = {
			isa = PBXGroup;
			children = (
				07A660912326D524004F2AD1 /* HopesAndDreams.app */,
				07A660A52326D527004F2AD1 /* HopesAndDreamsTests.xctest */,
				07A660B02326D527004F2AD1 /* HopesAndDreamsUITests.xctest */,
			);
			name = Products;
			sourceTree = "<group>";
		};
		07A660932326D524004F2AD1 /* HelloWorld2 */ = {
			isa = PBXGroup;
			children = (
				843DFB35234AA9D800957F99 /* CircularProgressBar.swift */,
				07A660962326D524004F2AD1 /* ViewController.swift */,
				84DE1A4F2339B565006A0D73 /* Launch Screen.storyboard */,
				8410809D235251F300799AEA /* NewUserVC.swift */,
				8410809B235246AA00799AEA /* NewUser2VC.swift */,
				07D3E8D023312AA500890271 /* QuizVC.swift */,
				84E015A52331DFA700C97572 /* AnalyzingVC.swift */,
				84DE1A51233B041C006A0D73 /* DashboardVC.swift */,
				07A660942326D524004F2AD1 /* AppDelegate.swift */,
				07A660982326D524004F2AD1 /* Main.storyboard */,
				841443922355727900C8118A /* TransCell.swift */,
				84144394235575F200C8118A /* transData.swift */,
				84108091234D572800799AEA /* WalletVC.swift */,
				8410809F2352561F00799AEA /* tabBarVC.swift */,
				07A6609B2326D527004F2AD1 /* Assets.xcassets */,
				07B2189B23562A2F009240C0 /* OfferVC.swift */,
				07B2189D23562BD3009240C0 /* OfferCell.swift */,
				07B2189F23562D3D009240C0 /* offer.swift */,
				07A660A02326D527004F2AD1 /* Info.plist */,
				84602ED623539C2C00FB413C /* APIClient.swift */,
				84E015A12331D2AC00C97572 /* Question.swift */,
				8410808B2343E05B00799AEA /* Quiz.swift */,
			);
			path = HelloWorld2;
			sourceTree = "<group>";
		};
		07A660A82326D527004F2AD1 /* HelloWorld2Tests */ = {
			isa = PBXGroup;
			children = (
				07A660A92326D527004F2AD1 /* HelloWorld2Tests.swift */,
				07A660AB2326D527004F2AD1 /* Info.plist */,
			);
			path = HelloWorld2Tests;
			sourceTree = "<group>";
		};
		07A660B32326D527004F2AD1 /* HelloWorld2UITests */ = {
			isa = PBXGroup;
			children = (
				07A660B42326D527004F2AD1 /* HelloWorld2UITests.swift */,
				07A660B62326D528004F2AD1 /* Info.plist */,
			);
			path = HelloWorld2UITests;
			sourceTree = "<group>";
		};
		1CECEA00392A45D3F3D535C5 /* Pods */ = {
			isa = PBXGroup;
			children = (
				841443892355524900C8118A /* Pods.xcodeproj */,
				5F7598E38A7B1F1D4A8F62F7 /* Pods-HopesAndDreams.debug.xcconfig */,
				EB5CA821A367A82D82EADE5C /* Pods-HopesAndDreams.release.xcconfig */,
			);
			path = Pods;
			sourceTree = "<group>";
		};
		841443782355523A00C8118A /* Products */ = {
			isa = PBXGroup;
			children = (
				8414437D2355523A00C8118A /* Alamofire.framework */,
				8414437F2355523A00C8118A /* Pods_HopesAndDreams.framework */,
			);
			name = Products;
			sourceTree = "<group>";
		};
		841443812355524400C8118A /* Products */ = {
			isa = PBXGroup;
			children = (
				841443862355524400C8118A /* Alamofire.framework */,
				841443882355524400C8118A /* Pods_HopesAndDreams.framework */,
			);
			name = Products;
			sourceTree = "<group>";
		};
		8414438A2355524900C8118A /* Products */ = {
			isa = PBXGroup;
			children = (
				8414438F2355524900C8118A /* Alamofire.framework */,
				841443912355524900C8118A /* Pods_HopesAndDreams.framework */,
			);
			name = Products;
			sourceTree = "<group>";
		};
		DC6B1F4081B0917461A7CF31 /* Frameworks */ = {
			isa = PBXGroup;
			children = (
				841443772355523A00C8118A /* Pods.xcodeproj */,
				841443802355524400C8118A /* Pods.xcodeproj */,
				10B5B3295C244A79F30925BB /* Pods_HopesAndDreams.framework */,
			);
			name = Frameworks;
			sourceTree = "<group>";
		};
/* End PBXGroup section */

/* Begin PBXNativeTarget section */
		07A660902326D524004F2AD1 /* HopesAndDreams */ = {
			isa = PBXNativeTarget;
			buildConfigurationList = 07A660B92326D528004F2AD1 /* Build configuration list for PBXNativeTarget "HopesAndDreams" */;
			buildPhases = (
				FADCB1C4E20E18D1472C2F7B /* [CP] Check Pods Manifest.lock */,
				07A6608D2326D524004F2AD1 /* Sources */,
				07A6608E2326D524004F2AD1 /* Frameworks */,
				07A6608F2326D524004F2AD1 /* Resources */,
				98E622F42105D9831EBD7ADE /* [CP] Embed Pods Frameworks */,
			);
			buildRules = (
			);
			dependencies = (
			);
			name = HopesAndDreams;
			productName = HelloWorld2;
			productReference = 07A660912326D524004F2AD1 /* HopesAndDreams.app */;
			productType = "com.apple.product-type.application";
		};
		07A660A42326D527004F2AD1 /* HopesAndDreamsTests */ = {
			isa = PBXNativeTarget;
			buildConfigurationList = 07A660BC2326D528004F2AD1 /* Build configuration list for PBXNativeTarget "HopesAndDreamsTests" */;
			buildPhases = (
				07A660A12326D527004F2AD1 /* Sources */,
				07A660A22326D527004F2AD1 /* Frameworks */,
				07A660A32326D527004F2AD1 /* Resources */,
			);
			buildRules = (
			);
			dependencies = (
				07A660A72326D527004F2AD1 /* PBXTargetDependency */,
			);
			name = HopesAndDreamsTests;
			productName = HelloWorld2Tests;
			productReference = 07A660A52326D527004F2AD1 /* HopesAndDreamsTests.xctest */;
			productType = "com.apple.product-type.bundle.unit-test";
		};
		07A660AF2326D527004F2AD1 /* HopesAndDreamsUITests */ = {
			isa = PBXNativeTarget;
			buildConfigurationList = 07A660BF2326D528004F2AD1 /* Build configuration list for PBXNativeTarget "HopesAndDreamsUITests" */;
			buildPhases = (
				07A660AC2326D527004F2AD1 /* Sources */,
				07A660AD2326D527004F2AD1 /* Frameworks */,
				07A660AE2326D527004F2AD1 /* Resources */,
			);
			buildRules = (
			);
			dependencies = (
				07A660B22326D527004F2AD1 /* PBXTargetDependency */,
			);
			name = HopesAndDreamsUITests;
			productName = HelloWorld2UITests;
			productReference = 07A660B02326D527004F2AD1 /* HopesAndDreamsUITests.xctest */;
			productType = "com.apple.product-type.bundle.ui-testing";
		};
/* End PBXNativeTarget section */

/* Begin PBXProject section */
		07A660892326D524004F2AD1 /* Project object */ = {
			isa = PBXProject;
			attributes = {
				LastSwiftUpdateCheck = 1030;
				LastUpgradeCheck = 1030;
				ORGANIZATIONNAME = "Julia Heisler";
				TargetAttributes = {
					07A660902326D524004F2AD1 = {
						CreatedOnToolsVersion = 10.3;
					};
					07A660A42326D527004F2AD1 = {
						CreatedOnToolsVersion = 10.3;
						TestTargetID = 07A660902326D524004F2AD1;
					};
					07A660AF2326D527004F2AD1 = {
						CreatedOnToolsVersion = 10.3;
						TestTargetID = 07A660902326D524004F2AD1;
					};
				};
			};
			buildConfigurationList = 07A6608C2326D524004F2AD1 /* Build configuration list for PBXProject "HopesAndDreams" */;
			compatibilityVersion = "Xcode 9.3";
			developmentRegion = en;
			hasScannedForEncodings = 0;
			knownRegions = (
				en,
				Base,
			);
			mainGroup = 07A660882326D524004F2AD1;
			productRefGroup = 07A660922326D524004F2AD1 /* Products */;
			projectDirPath = "";
			projectReferences = (
				{
					ProductGroup = 841443782355523A00C8118A /* Products */;
					ProjectRef = 841443772355523A00C8118A /* Pods.xcodeproj */;
				},
				{
					ProductGroup = 841443812355524400C8118A /* Products */;
					ProjectRef = 841443802355524400C8118A /* Pods.xcodeproj */;
				},
				{
					ProductGroup = 8414438A2355524900C8118A /* Products */;
					ProjectRef = 841443892355524900C8118A /* Pods.xcodeproj */;
				},
			);
			projectRoot = "";
			targets = (
				07A660902326D524004F2AD1 /* HopesAndDreams */,
				07A660A42326D527004F2AD1 /* HopesAndDreamsTests */,
				07A660AF2326D527004F2AD1 /* HopesAndDreamsUITests */,
			);
		};
/* End PBXProject section */

/* Begin PBXReferenceProxy section */
		8414437D2355523A00C8118A /* Alamofire.framework */ = {
			isa = PBXReferenceProxy;
			fileType = wrapper.framework;
			path = Alamofire.framework;
			remoteRef = 8414437C2355523A00C8118A /* PBXContainerItemProxy */;
			sourceTree = BUILT_PRODUCTS_DIR;
		};
		8414437F2355523A00C8118A /* Pods_HopesAndDreams.framework */ = {
			isa = PBXReferenceProxy;
			fileType = wrapper.framework;
			path = Pods_HopesAndDreams.framework;
			remoteRef = 8414437E2355523A00C8118A /* PBXContainerItemProxy */;
			sourceTree = BUILT_PRODUCTS_DIR;
		};
		841443862355524400C8118A /* Alamofire.framework */ = {
			isa = PBXReferenceProxy;
			fileType = wrapper.framework;
			path = Alamofire.framework;
			remoteRef = 841443852355524400C8118A /* PBXContainerItemProxy */;
			sourceTree = BUILT_PRODUCTS_DIR;
		};
		841443882355524400C8118A /* Pods_HopesAndDreams.framework */ = {
			isa = PBXReferenceProxy;
			fileType = wrapper.framework;
			path = Pods_HopesAndDreams.framework;
			remoteRef = 841443872355524400C8118A /* PBXContainerItemProxy */;
			sourceTree = BUILT_PRODUCTS_DIR;
		};
		8414438F2355524900C8118A /* Alamofire.framework */ = {
			isa = PBXReferenceProxy;
			fileType = wrapper.framework;
			path = Alamofire.framework;
			remoteRef = 8414438E2355524900C8118A /* PBXContainerItemProxy */;
			sourceTree = BUILT_PRODUCTS_DIR;
		};
		841443912355524900C8118A /* Pods_HopesAndDreams.framework */ = {
			isa = PBXReferenceProxy;
			fileType = wrapper.framework;
			path = Pods_HopesAndDreams.framework;
			remoteRef = 841443902355524900C8118A /* PBXContainerItemProxy */;
			sourceTree = BUILT_PRODUCTS_DIR;
		};
/* End PBXReferenceProxy section */

/* Begin PBXResourcesBuildPhase section */
		07A6608F2326D524004F2AD1 /* Resources */ = {
			isa = PBXResourcesBuildPhase;
			buildActionMask = 2147483647;
			files = (
				07A6609C2326D527004F2AD1 /* Assets.xcassets in Resources */,
				84DE1A502339B565006A0D73 /* Launch Screen.storyboard in Resources */,
				07A6609A2326D524004F2AD1 /* Main.storyboard in Resources */,
			);
			runOnlyForDeploymentPostprocessing = 0;
		};
		07A660A32326D527004F2AD1 /* Resources */ = {
			isa = PBXResourcesBuildPhase;
			buildActionMask = 2147483647;
			files = (
			);
			runOnlyForDeploymentPostprocessing = 0;
		};
		07A660AE2326D527004F2AD1 /* Resources */ = {
			isa = PBXResourcesBuildPhase;
			buildActionMask = 2147483647;
			files = (
			);
			runOnlyForDeploymentPostprocessing = 0;
		};
/* End PBXResourcesBuildPhase section */

/* Begin PBXShellScriptBuildPhase section */
		98E622F42105D9831EBD7ADE /* [CP] Embed Pods Frameworks */ = {
			isa = PBXShellScriptBuildPhase;
			buildActionMask = 2147483647;
			files = (
			);
			inputFileListPaths = (
				"${PODS_ROOT}/Target Support Files/Pods-HopesAndDreams/Pods-HopesAndDreams-frameworks-${CONFIGURATION}-input-files.xcfilelist",
			);
			name = "[CP] Embed Pods Frameworks";
			outputFileListPaths = (
				"${PODS_ROOT}/Target Support Files/Pods-HopesAndDreams/Pods-HopesAndDreams-frameworks-${CONFIGURATION}-output-files.xcfilelist",
			);
			runOnlyForDeploymentPostprocessing = 0;
			shellPath = /bin/sh;
			shellScript = "\"${PODS_ROOT}/Target Support Files/Pods-HopesAndDreams/Pods-HopesAndDreams-frameworks.sh\"\n";
			showEnvVarsInLog = 0;
		};
		FADCB1C4E20E18D1472C2F7B /* [CP] Check Pods Manifest.lock */ = {
			isa = PBXShellScriptBuildPhase;
			buildActionMask = 2147483647;
			files = (
			);
			inputFileListPaths = (
			);
			inputPaths = (
				"${PODS_PODFILE_DIR_PATH}/Podfile.lock",
				"${PODS_ROOT}/Manifest.lock",
			);
			name = "[CP] Check Pods Manifest.lock";
			outputFileListPaths = (
			);
			outputPaths = (
				"$(DERIVED_FILE_DIR)/Pods-HopesAndDreams-checkManifestLockResult.txt",
			);
			runOnlyForDeploymentPostprocessing = 0;
			shellPath = /bin/sh;
			shellScript = "diff \"${PODS_PODFILE_DIR_PATH}/Podfile.lock\" \"${PODS_ROOT}/Manifest.lock\" > /dev/null\nif [ $? != 0 ] ; then\n    # print error to STDERR\n    echo \"error: The sandbox is not in sync with the Podfile.lock. Run 'pod install' or update your CocoaPods installation.\" >&2\n    exit 1\nfi\n# This output is used by Xcode 'outputs' to avoid re-running this script phase.\necho \"SUCCESS\" > \"${SCRIPT_OUTPUT_FILE_0}\"\n";
			showEnvVarsInLog = 0;
		};
/* End PBXShellScriptBuildPhase section */

/* Begin PBXSourcesBuildPhase section */
		07A6608D2326D524004F2AD1 /* Sources */ = {
			isa = PBXSourcesBuildPhase;
			buildActionMask = 2147483647;
			files = (
				8410808C2343E05B00799AEA /* Quiz.swift in Sources */,
				841443932355727900C8118A /* TransCell.swift in Sources */,
				07A660972326D524004F2AD1 /* ViewController.swift in Sources */,
				07B2189C23562A30009240C0 /* OfferVC.swift in Sources */,
				84E015A22331D2AC00C97572 /* Question.swift in Sources */,
				84E015A62331DFA700C97572 /* AnalyzingVC.swift in Sources */,
				07B218A023562D3D009240C0 /* offer.swift in Sources */,
				84DE1A52233B041C006A0D73 /* DashboardVC.swift in Sources */,
				07D3E8D123312AA600890271 /* QuizVC.swift in Sources */,
				07A660952326D524004F2AD1 /* AppDelegate.swift in Sources */,
				84602ED723539C2C00FB413C /* APIClient.swift in Sources */,
				841080A02352561F00799AEA /* tabBarVC.swift in Sources */,
				07B2189E23562BD3009240C0 /* OfferCell.swift in Sources */,
				8410809E235251F300799AEA /* NewUserVC.swift in Sources */,
				84144395235575F200C8118A /* transData.swift in Sources */,
				843DFB36234AA9D800957F99 /* CircularProgressBar.swift in Sources */,
				8410809C235246AA00799AEA /* NewUser2VC.swift in Sources */,
				84108092234D572800799AEA /* WalletVC.swift in Sources */,
			);
			runOnlyForDeploymentPostprocessing = 0;
		};
		07A660A12326D527004F2AD1 /* Sources */ = {
			isa = PBXSourcesBuildPhase;
			buildActionMask = 2147483647;
			files = (
				07A660AA2326D527004F2AD1 /* HelloWorld2Tests.swift in Sources */,
			);
			runOnlyForDeploymentPostprocessing = 0;
		};
		07A660AC2326D527004F2AD1 /* Sources */ = {
			isa = PBXSourcesBuildPhase;
			buildActionMask = 2147483647;
			files = (
				07A660B52326D527004F2AD1 /* HelloWorld2UITests.swift in Sources */,
			);
			runOnlyForDeploymentPostprocessing = 0;
		};
/* End PBXSourcesBuildPhase section */

/* Begin PBXTargetDependency section */
		07A660A72326D527004F2AD1 /* PBXTargetDependency */ = {
			isa = PBXTargetDependency;
			target = 07A660902326D524004F2AD1 /* HopesAndDreams */;
			targetProxy = 07A660A62326D527004F2AD1 /* PBXContainerItemProxy */;
		};
		07A660B22326D527004F2AD1 /* PBXTargetDependency */ = {
			isa = PBXTargetDependency;
			target = 07A660902326D524004F2AD1 /* HopesAndDreams */;
			targetProxy = 07A660B12326D527004F2AD1 /* PBXContainerItemProxy */;
		};
/* End PBXTargetDependency section */

/* Begin PBXVariantGroup section */
		07A660982326D524004F2AD1 /* Main.storyboard */ = {
			isa = PBXVariantGroup;
			children = (
				07A660992326D524004F2AD1 /* Base */,
			);
			name = Main.storyboard;
			sourceTree = "<group>";
		};
/* End PBXVariantGroup section */

/* Begin XCBuildConfiguration section */
		07A660B72326D528004F2AD1 /* Debug */ = {
			isa = XCBuildConfiguration;
			buildSettings = {
				ALWAYS_SEARCH_USER_PATHS = NO;
				CLANG_ANALYZER_NONNULL = YES;
				CLANG_ANALYZER_NUMBER_OBJECT_CONVERSION = YES_AGGRESSIVE;
				CLANG_CXX_LANGUAGE_STANDARD = "gnu++14";
				CLANG_CXX_LIBRARY = "libc++";
				CLANG_ENABLE_MODULES = YES;
				CLANG_ENABLE_OBJC_ARC = YES;
				CLANG_ENABLE_OBJC_WEAK = YES;
				CLANG_WARN_BLOCK_CAPTURE_AUTORELEASING = YES;
				CLANG_WARN_BOOL_CONVERSION = YES;
				CLANG_WARN_COMMA = YES;
				CLANG_WARN_CONSTANT_CONVERSION = YES;
				CLANG_WARN_DEPRECATED_OBJC_IMPLEMENTATIONS = YES;
				CLANG_WARN_DIRECT_OBJC_ISA_USAGE = YES_ERROR;
				CLANG_WARN_DOCUMENTATION_COMMENTS = YES;
				CLANG_WARN_EMPTY_BODY = YES;
				CLANG_WARN_ENUM_CONVERSION = YES;
				CLANG_WARN_INFINITE_RECURSION = YES;
				CLANG_WARN_INT_CONVERSION = YES;
				CLANG_WARN_NON_LITERAL_NULL_CONVERSION = YES;
				CLANG_WARN_OBJC_IMPLICIT_RETAIN_SELF = YES;
				CLANG_WARN_OBJC_LITERAL_CONVERSION = YES;
				CLANG_WARN_OBJC_ROOT_CLASS = YES_ERROR;
				CLANG_WARN_RANGE_LOOP_ANALYSIS = YES;
				CLANG_WARN_STRICT_PROTOTYPES = YES;
				CLANG_WARN_SUSPICIOUS_MOVE = YES;
				CLANG_WARN_UNGUARDED_AVAILABILITY = YES_AGGRESSIVE;
				CLANG_WARN_UNREACHABLE_CODE = YES;
				CLANG_WARN__DUPLICATE_METHOD_MATCH = YES;
				CODE_SIGN_IDENTITY = "iPhone Developer";
				COPY_PHASE_STRIP = NO;
				DEBUG_INFORMATION_FORMAT = dwarf;
				ENABLE_STRICT_OBJC_MSGSEND = YES;
				ENABLE_TESTABILITY = YES;
				GCC_C_LANGUAGE_STANDARD = gnu11;
				GCC_DYNAMIC_NO_PIC = NO;
				GCC_NO_COMMON_BLOCKS = YES;
				GCC_OPTIMIZATION_LEVEL = 0;
				GCC_PREPROCESSOR_DEFINITIONS = (
					"DEBUG=1",
					"$(inherited)",
				);
				GCC_WARN_64_TO_32_BIT_CONVERSION = YES;
				GCC_WARN_ABOUT_RETURN_TYPE = YES_ERROR;
				GCC_WARN_UNDECLARED_SELECTOR = YES;
				GCC_WARN_UNINITIALIZED_AUTOS = YES_AGGRESSIVE;
				GCC_WARN_UNUSED_FUNCTION = YES;
				GCC_WARN_UNUSED_VARIABLE = YES;
				IPHONEOS_DEPLOYMENT_TARGET = 12.4;
				MTL_ENABLE_DEBUG_INFO = INCLUDE_SOURCE;
				MTL_FAST_MATH = YES;
				ONLY_ACTIVE_ARCH = YES;
				SDKROOT = iphoneos;
				SWIFT_ACTIVE_COMPILATION_CONDITIONS = DEBUG;
				SWIFT_OPTIMIZATION_LEVEL = "-Onone";
			};
			name = Debug;
		};
		07A660B82326D528004F2AD1 /* Release */ = {
			isa = XCBuildConfiguration;
			buildSettings = {
				ALWAYS_SEARCH_USER_PATHS = NO;
				CLANG_ANALYZER_NONNULL = YES;
				CLANG_ANALYZER_NUMBER_OBJECT_CONVERSION = YES_AGGRESSIVE;
				CLANG_CXX_LANGUAGE_STANDARD = "gnu++14";
				CLANG_CXX_LIBRARY = "libc++";
				CLANG_ENABLE_MODULES = YES;
				CLANG_ENABLE_OBJC_ARC = YES;
				CLANG_ENABLE_OBJC_WEAK = YES;
				CLANG_WARN_BLOCK_CAPTURE_AUTORELEASING = YES;
				CLANG_WARN_BOOL_CONVERSION = YES;
				CLANG_WARN_COMMA = YES;
				CLANG_WARN_CONSTANT_CONVERSION = YES;
				CLANG_WARN_DEPRECATED_OBJC_IMPLEMENTATIONS = YES;
				CLANG_WARN_DIRECT_OBJC_ISA_USAGE = YES_ERROR;
				CLANG_WARN_DOCUMENTATION_COMMENTS = YES;
				CLANG_WARN_EMPTY_BODY = YES;
				CLANG_WARN_ENUM_CONVERSION = YES;
				CLANG_WARN_INFINITE_RECURSION = YES;
				CLANG_WARN_INT_CONVERSION = YES;
				CLANG_WARN_NON_LITERAL_NULL_CONVERSION = YES;
				CLANG_WARN_OBJC_IMPLICIT_RETAIN_SELF = YES;
				CLANG_WARN_OBJC_LITERAL_CONVERSION = YES;
				CLANG_WARN_OBJC_ROOT_CLASS = YES_ERROR;
				CLANG_WARN_RANGE_LOOP_ANALYSIS = YES;
				CLANG_WARN_STRICT_PROTOTYPES = YES;
				CLANG_WARN_SUSPICIOUS_MOVE = YES;
				CLANG_WARN_UNGUARDED_AVAILABILITY = YES_AGGRESSIVE;
				CLANG_WARN_UNREACHABLE_CODE = YES;
				CLANG_WARN__DUPLICATE_METHOD_MATCH = YES;
				CODE_SIGN_IDENTITY = "iPhone Developer";
				COPY_PHASE_STRIP = NO;
				DEBUG_INFORMATION_FORMAT = "dwarf-with-dsym";
				ENABLE_NS_ASSERTIONS = NO;
				ENABLE_STRICT_OBJC_MSGSEND = YES;
				GCC_C_LANGUAGE_STANDARD = gnu11;
				GCC_NO_COMMON_BLOCKS = YES;
				GCC_WARN_64_TO_32_BIT_CONVERSION = YES;
				GCC_WARN_ABOUT_RETURN_TYPE = YES_ERROR;
				GCC_WARN_UNDECLARED_SELECTOR = YES;
				GCC_WARN_UNINITIALIZED_AUTOS = YES_AGGRESSIVE;
				GCC_WARN_UNUSED_FUNCTION = YES;
				GCC_WARN_UNUSED_VARIABLE = YES;
				IPHONEOS_DEPLOYMENT_TARGET = 12.4;
				MTL_ENABLE_DEBUG_INFO = NO;
				MTL_FAST_MATH = YES;
				SDKROOT = iphoneos;
				SWIFT_COMPILATION_MODE = wholemodule;
				SWIFT_OPTIMIZATION_LEVEL = "-O";
				VALIDATE_PRODUCT = YES;
			};
			name = Release;
		};
		07A660BA2326D528004F2AD1 /* Debug */ = {
			isa = XCBuildConfiguration;
			baseConfigurationReference = 5F7598E38A7B1F1D4A8F62F7 /* Pods-HopesAndDreams.debug.xcconfig */;
			buildSettings = {
				ASSETCATALOG_COMPILER_APPICON_NAME = AppIcon;
				CODE_SIGN_STYLE = Automatic;
				DEVELOPMENT_TEAM = 74UDX3TQA4;
				INFOPLIST_FILE = HelloWorld2/Info.plist;
				LD_RUNPATH_SEARCH_PATHS = (
					"$(inherited)",
					"@executable_path/Frameworks",
				);
				PRODUCT_BUNDLE_IDENTIFIER = com.jheisler.HelloWorld2;
				PRODUCT_NAME = "$(TARGET_NAME)";
				SWIFT_VERSION = 5.0;
				TARGETED_DEVICE_FAMILY = "1,2";
			};
			name = Debug;
		};
		07A660BB2326D528004F2AD1 /* Release */ = {
			isa = XCBuildConfiguration;
			baseConfigurationReference = EB5CA821A367A82D82EADE5C /* Pods-HopesAndDreams.release.xcconfig */;
			buildSettings = {
				ASSETCATALOG_COMPILER_APPICON_NAME = AppIcon;
				CODE_SIGN_STYLE = Automatic;
				DEVELOPMENT_TEAM = 74UDX3TQA4;
				INFOPLIST_FILE = HelloWorld2/Info.plist;
				LD_RUNPATH_SEARCH_PATHS = (
					"$(inherited)",
					"@executable_path/Frameworks",
				);
				PRODUCT_BUNDLE_IDENTIFIER = com.jheisler.HelloWorld2;
				PRODUCT_NAME = "$(TARGET_NAME)";
				SWIFT_VERSION = 5.0;
				TARGETED_DEVICE_FAMILY = "1,2";
			};
			name = Release;
		};
		07A660BD2326D528004F2AD1 /* Debug */ = {
			isa = XCBuildConfiguration;
			buildSettings = {
				ALWAYS_EMBED_SWIFT_STANDARD_LIBRARIES = YES;
				BUNDLE_LOADER = "$(TEST_HOST)";
				CODE_SIGN_STYLE = Automatic;
				INFOPLIST_FILE = HelloWorld2Tests/Info.plist;
				LD_RUNPATH_SEARCH_PATHS = (
					"$(inherited)",
					"@executable_path/Frameworks",
					"@loader_path/Frameworks",
				);
				PRODUCT_BUNDLE_IDENTIFIER = com.jheisler.HelloWorld2Tests;
				PRODUCT_NAME = "$(TARGET_NAME)";
				SWIFT_VERSION = 5.0;
				TARGETED_DEVICE_FAMILY = "1,2";
				TEST_HOST = "$(BUILT_PRODUCTS_DIR)/HopesAndDreams.app/HopesAndDreams";
			};
			name = Debug;
		};
		07A660BE2326D528004F2AD1 /* Release */ = {
			isa = XCBuildConfiguration;
			buildSettings = {
				ALWAYS_EMBED_SWIFT_STANDARD_LIBRARIES = YES;
				BUNDLE_LOADER = "$(TEST_HOST)";
				CODE_SIGN_STYLE = Automatic;
				INFOPLIST_FILE = HelloWorld2Tests/Info.plist;
				LD_RUNPATH_SEARCH_PATHS = (
					"$(inherited)",
					"@executable_path/Frameworks",
					"@loader_path/Frameworks",
				);
				PRODUCT_BUNDLE_IDENTIFIER = com.jheisler.HelloWorld2Tests;
				PRODUCT_NAME = "$(TARGET_NAME)";
				SWIFT_VERSION = 5.0;
				TARGETED_DEVICE_FAMILY = "1,2";
				TEST_HOST = "$(BUILT_PRODUCTS_DIR)/HopesAndDreams.app/HopesAndDreams";
			};
			name = Release;
		};
		07A660C02326D528004F2AD1 /* Debug */ = {
			isa = XCBuildConfiguration;
			buildSettings = {
				ALWAYS_EMBED_SWIFT_STANDARD_LIBRARIES = YES;
				CODE_SIGN_STYLE = Automatic;
				INFOPLIST_FILE = HelloWorld2UITests/Info.plist;
				LD_RUNPATH_SEARCH_PATHS = (
					"$(inherited)",
					"@executable_path/Frameworks",
					"@loader_path/Frameworks",
				);
				PRODUCT_BUNDLE_IDENTIFIER = com.jheisler.HelloWorld2UITests;
				PRODUCT_NAME = "$(TARGET_NAME)";
				SWIFT_VERSION = 5.0;
				TARGETED_DEVICE_FAMILY = "1,2";
				TEST_TARGET_NAME = HelloWorld2;
			};
			name = Debug;
		};
		07A660C12326D528004F2AD1 /* Release */ = {
			isa = XCBuildConfiguration;
			buildSettings = {
				ALWAYS_EMBED_SWIFT_STANDARD_LIBRARIES = YES;
				CODE_SIGN_STYLE = Automatic;
				INFOPLIST_FILE = HelloWorld2UITests/Info.plist;
				LD_RUNPATH_SEARCH_PATHS = (
					"$(inherited)",
					"@executable_path/Frameworks",
					"@loader_path/Frameworks",
				);
				PRODUCT_BUNDLE_IDENTIFIER = com.jheisler.HelloWorld2UITests;
				PRODUCT_NAME = "$(TARGET_NAME)";
				SWIFT_VERSION = 5.0;
				TARGETED_DEVICE_FAMILY = "1,2";
				TEST_TARGET_NAME = HelloWorld2;
			};
			name = Release;
		};
/* End XCBuildConfiguration section */

/* Begin XCConfigurationList section */
		07A6608C2326D524004F2AD1 /* Build configuration list for PBXProject "HopesAndDreams" */ = {
			isa = XCConfigurationList;
			buildConfigurations = (
				07A660B72326D528004F2AD1 /* Debug */,
				07A660B82326D528004F2AD1 /* Release */,
			);
			defaultConfigurationIsVisible = 0;
			defaultConfigurationName = Release;
		};
		07A660B92326D528004F2AD1 /* Build configuration list for PBXNativeTarget "HopesAndDreams" */ = {
			isa = XCConfigurationList;
			buildConfigurations = (
				07A660BA2326D528004F2AD1 /* Debug */,
				07A660BB2326D528004F2AD1 /* Release */,
			);
			defaultConfigurationIsVisible = 0;
			defaultConfigurationName = Release;
		};
		07A660BC2326D528004F2AD1 /* Build configuration list for PBXNativeTarget "HopesAndDreamsTests" */ = {
			isa = XCConfigurationList;
			buildConfigurations = (
				07A660BD2326D528004F2AD1 /* Debug */,
				07A660BE2326D528004F2AD1 /* Release */,
			);
			defaultConfigurationIsVisible = 0;
			defaultConfigurationName = Release;
		};
		07A660BF2326D528004F2AD1 /* Build configuration list for PBXNativeTarget "HopesAndDreamsUITests" */ = {
			isa = XCConfigurationList;
			buildConfigurations = (
				07A660C02326D528004F2AD1 /* Debug */,
				07A660C12326D528004F2AD1 /* Release */,
			);
			defaultConfigurationIsVisible = 0;
			defaultConfigurationName = Release;
		};
/* End XCConfigurationList section */
	};
	rootObject = 07A660892326D524004F2AD1 /* Project object */;
}
